Microsoft Visual Studio Solution File, Format Version 12.00
# Visual Studio Version 17
VisualStudioVersion = 17.8.34330.188
MinimumVisualStudioVersion = 10.0.40219.1
Project("{9A19103F-16F7-4668-BE54-9A1E7A4F7556}") = "HortFrutOnline", "QuitandaOnline\HortFrutOnline.csproj", "{81EBFEB8-4EFF-4D46-B5C5-91AEE072C474}"
EndProject
Global
	GlobalSection(SolutionConfigurationPlatforms) = preSolution
		Debug|Any CPU = Debug|Any CPU
		Release|Any CPU = Release|Any CPU
	EndGlobalSection
	GlobalSection(ProjectConfigurationPlatforms) = postSolution
		{81EBFEB8-4EFF-4D46-B5C5-91AEE072C474}.Debug|Any CPU.ActiveCfg = Debug|Any CPU
		{81EBFEB8-4EFF-4D46-B5C5-91AEE072C474}.Debug|Any CPU.Build.0 = Debug|Any CPU
		{81EBFEB8-4EFF-4D46-B5C5-91AEE072C474}.Release|Any CPU.ActiveCfg = Release|Any CPU
		{81EBFEB8-4EFF-4D46-B5C5-91AEE072C474}.Release|Any CPU.Build.0 = Release|Any CPU
	EndGlobalSection
	GlobalSection(SolutionProperties) = preSolution
		HideSolutionNode = FALSE
	EndGlobalSection
	GlobalSection(ExtensibilityGlobals) = postSolution
		SolutionGuid = {D6CAD2F3-6E48-4592-8533-6BAC1578E5B3}
	EndGlobalSection
EndGlobal
